
Microsoft Visual Studio Solution File, Format Version 12.00
# Visual Studio Version 17
VisualStudioVersion = 17.6.33829.357
MinimumVisualStudioVersion = 10.0.40219.1
Project("{9A19103F-16F7-4668-BE54-9A1E7A4F7556}") = "Massivy", "Massivy\Massivy.csproj", "{F83FE6F2-CB38-4C6B-8A2C-A2F29B79E44E}"
EndProject
Project("{9A19103F-16F7-4668-BE54-9A1E7A4F7556}") = "DzMassiv", "DzMassiv\DzMassiv.csproj", "{3EF03321-896A-41FA-814A-D914030AEA84}"
EndProject
Project("{FAE04EC0-301F-11D3-BF4B-00C04F79EFBC}") = "ListLesson", "ListLesson\ListLesson.csproj", "{AED27893-6FC3-47D7-8F8F-34A6CA662F7B}"
EndProject
Global
	GlobalSection(SolutionConfigurationPlatforms) = preSolution
		Debug|Any CPU = Debug|Any CPU
		Release|Any CPU = Release|Any CPU
	EndGlobalSection
	GlobalSection(ProjectConfigurationPlatforms) = postSolution
		{F83FE6F2-CB38-4C6B-8A2C-A2F29B79E44E}.Debug|Any CPU.ActiveCfg = Debug|Any CPU
		{F83FE6F2-CB38-4C6B-8A2C-A2F29B79E44E}.Debug|Any CPU.Build.0 = Debug|Any CPU
		{F83FE6F2-CB38-4C6B-8A2C-A2F29B79E44E}.Release|Any CPU.ActiveCfg = Release|Any CPU
		{F83FE6F2-CB38-4C6B-8A2C-A2F29B79E44E}.Release|Any CPU.Build.0 = Release|Any CPU
		{3EF03321-896A-41FA-814A-D914030AEA84}.Debug|Any CPU.ActiveCfg = Debug|Any CPU
		{3EF03321-896A-41FA-814A-D914030AEA84}.Debug|Any CPU.Build.0 = Debug|Any CPU
		{3EF03321-896A-41FA-814A-D914030AEA84}.Release|Any CPU.ActiveCfg = Release|Any CPU
		{3EF03321-896A-41FA-814A-D914030AEA84}.Release|Any CPU.Build.0 = Release|Any CPU
		{AED27893-6FC3-47D7-8F8F-34A6CA662F7B}.Debug|Any CPU.ActiveCfg = Debug|Any CPU
		{AED27893-6FC3-47D7-8F8F-34A6CA662F7B}.Debug|Any CPU.Build.0 = Debug|Any CPU
		{AED27893-6FC3-47D7-8F8F-34A6CA662F7B}.Release|Any CPU.ActiveCfg = Release|Any CPU
		{AED27893-6FC3-47D7-8F8F-34A6CA662F7B}.Release|Any CPU.Build.0 = Release|Any CPU
	EndGlobalSection
	GlobalSection(SolutionProperties) = preSolution
		HideSolutionNode = FALSE
	EndGlobalSection
	GlobalSection(ExtensibilityGlobals) = postSolution
		SolutionGuid = {DA03F26E-1737-4970-8958-D00A46FDFD5D}
	EndGlobalSection
EndGlobal
